{
  "name": "omeka-s-module-pdf-viewer",
  "version": "3.1.0",
  "lockfileVersion": 2,
  "requires": true,
  "packages": {
    "": {
      "name": "omeka-s-module-pdf-viewer",
      "version": "3.1.0",
      "license": "CECILL-2.1",
      "dependencies": {
        "pdf.js": "git+https://github.com/mozilla/pdf.js.git"
      }
    },
    "node_modules/pdf.js": {
      "resolved": "git+ssh://git@github.com/mozilla/pdf.js.git#93aa613db7a874e6ed964f394241605d5586c142"
    }
  },
  "dependencies": {
    "pdf.js": {
      "version": "git+ssh://git@github.com/mozilla/pdf.js.git#93aa613db7a874e6ed964f394241605d5586c142",
      "from": "pdf.js@git+https://github.com/mozilla/pdf.js.git"
    }
  }
}
